
Microsoft Visual Studio Solution File, Format Version 12.00
# Visual Studio Version 17
VisualStudioVersion = 17.7.34221.43
MinimumVisualStudioVersion = 10.0.40219.1
Project("{FAE04EC0-301F-11D3-BF4B-00C04F79EFBC}") = "LivetApp2", "LivetApp2\LivetApp2.csproj", "{3591957A-2823-4A29-8ED6-D04597B0EB2B}"
EndProject
Global
	GlobalSection(SolutionConfigurationPlatforms) = preSolution
		Debug|Any CPU = Debug|Any CPU
		Release|Any CPU = Release|Any CPU
	EndGlobalSection
	GlobalSection(ProjectConfigurationPlatforms) = postSolution
		{3591957A-2823-4A29-8ED6-D04597B0EB2B}.Debug|Any CPU.ActiveCfg = Debug|Any CPU
		{3591957A-2823-4A29-8ED6-D04597B0EB2B}.Debug|Any CPU.Build.0 = Debug|Any CPU
		{3591957A-2823-4A29-8ED6-D04597B0EB2B}.Release|Any CPU.ActiveCfg = Release|Any CPU
		{3591957A-2823-4A29-8ED6-D04597B0EB2B}.Release|Any CPU.Build.0 = Release|Any CPU
	EndGlobalSection
	GlobalSection(SolutionProperties) = preSolution
		HideSolutionNode = FALSE
	EndGlobalSection
	GlobalSection(ExtensibilityGlobals) = postSolution
		SolutionGuid = {2141EEDE-BBE5-487A-A1E0-A55D9C10C012}
	EndGlobalSection
EndGlobal
